
Microsoft Visual Studio Solution File, Format Version 12.00
# Visual Studio 14
VisualStudioVersion = 14.0.25123.0
MinimumVisualStudioVersion = 10.0.40219.1
Project("{FAE04EC0-301F-11D3-BF4B-00C04F79EFBC}") = "TestApplication", "TestApplication\TestApplication.csproj", "{2ED03DA8-470B-4109-96F3-86BE1E1D3552}"
EndProject
Global
	GlobalSection(SolutionConfigurationPlatforms) = preSolution
		Debug|Any CPU = Debug|Any CPU
		Release|Any CPU = Release|Any CPU
	EndGlobalSection
	GlobalSection(ProjectConfigurationPlatforms) = postSolution
		{2ED03DA8-470B-4109-96F3-86BE1E1D3552}.Debug|Any CPU.ActiveCfg = Debug|Any CPU
		{2ED03DA8-470B-4109-96F3-86BE1E1D3552}.Debug|Any CPU.Build.0 = Debug|Any CPU
		{2ED03DA8-470B-4109-96F3-86BE1E1D3552}.Release|Any CPU.ActiveCfg = Release|Any CPU
		{2ED03DA8-470B-4109-96F3-86BE1E1D3552}.Release|Any CPU.Build.0 = Release|Any CPU
	EndGlobalSection
	GlobalSection(SolutionProperties) = preSolution
		HideSolutionNode = FALSE
	EndGlobalSection
EndGlobal
